
Microsoft Visual Studio Solution File, Format Version 12.00
# Visual Studio 14
VisualStudioVersion = 14.0.25420.1
MinimumVisualStudioVersion = 10.0.40219.1
Project("{FAE04EC0-301F-11D3-BF4B-00C04F79EFBC}") = "HomeCinema.Entities", "HomeCinema.Entities\HomeCinema.Entities.csproj", "{37E3B095-3064-4D9A-8454-3A0CD607EDE7}"
EndProject
Project("{FAE04EC0-301F-11D3-BF4B-00C04F79EFBC}") = "HomeCinema.Data", "HomeCinema.Data\HomeCinema.Data.csproj", "{39B4F021-8A61-4A40-B0A5-F7A4F0D637CD}"
EndProject
Global
	GlobalSection(SolutionConfigurationPlatforms) = preSolution
		Debug|Any CPU = Debug|Any CPU
		Release|Any CPU = Release|Any CPU
	EndGlobalSection
	GlobalSection(ProjectConfigurationPlatforms) = postSolution
		{37E3B095-3064-4D9A-8454-3A0CD607EDE7}.Debug|Any CPU.ActiveCfg = Debug|Any CPU
		{37E3B095-3064-4D9A-8454-3A0CD607EDE7}.Debug|Any CPU.Build.0 = Debug|Any CPU
		{37E3B095-3064-4D9A-8454-3A0CD607EDE7}.Release|Any CPU.ActiveCfg = Release|Any CPU
		{37E3B095-3064-4D9A-8454-3A0CD607EDE7}.Release|Any CPU.Build.0 = Release|Any CPU
		{39B4F021-8A61-4A40-B0A5-F7A4F0D637CD}.Debug|Any CPU.ActiveCfg = Debug|Any CPU
		{39B4F021-8A61-4A40-B0A5-F7A4F0D637CD}.Debug|Any CPU.Build.0 = Debug|Any CPU
		{39B4F021-8A61-4A40-B0A5-F7A4F0D637CD}.Release|Any CPU.ActiveCfg = Release|Any CPU
		{39B4F021-8A61-4A40-B0A5-F7A4F0D637CD}.Release|Any CPU.Build.0 = Release|Any CPU
	EndGlobalSection
	GlobalSection(SolutionProperties) = preSolution
		HideSolutionNode = FALSE
	EndGlobalSection
EndGlobal
